
Microsoft Visual Studio Solution File, Format Version 12.00
# Visual Studio 15
VisualStudioVersion = 15.0.27703.2035
MinimumVisualStudioVersion = 10.0.40219.1
Project("{FAE04EC0-301F-11D3-BF4B-00C04F79EFBC}") = "AR.App", "AR.App\AR.App.csproj", "{A139ED5B-1CEB-4F34-ABB5-5832C9E5A911}"
EndProject
Project("{FAE04EC0-301F-11D3-BF4B-00C04F79EFBC}") = "AR.Generator", "AR.Generator\AR.Generator.csproj", "{B34C7100-B995-4884-B81F-AF8ABADA5700}"
EndProject
Project("{9A19103F-16F7-4668-BE54-9A1E7A4F7556}") = "AR.Commands", "AR.Commands\AR.Commands.csproj", "{3DAE880F-87CF-466E-8538-2FA29C062F69}"
EndProject
Project("{9A19103F-16F7-4668-BE54-9A1E7A4F7556}") = "AR.Commands.Generated", "AR.Commands.Generated\AR.Commands.Generated.csproj", "{150FFA54-4A3F-4FA6-9BE2-A7984FD05F8E}"
	ProjectSection(ProjectDependencies) = postProject
		{B34C7100-B995-4884-B81F-AF8ABADA5700} = {B34C7100-B995-4884-B81F-AF8ABADA5700}
	EndProjectSection
EndProject
Project("{9A19103F-16F7-4668-BE54-9A1E7A4F7556}") = "AR.Network", "AR.Network\AR.Network.csproj", "{3C26AE3C-C516-44C3-B4AD-20F462853654}"
EndProject
Project("{9A19103F-16F7-4668-BE54-9A1E7A4F7556}") = "AR.Common", "AR.Common\AR.Common.csproj", "{5DB491D2-1B57-4830-BC33-787E51AD7014}"
EndProject
Project("{9A19103F-16F7-4668-BE54-9A1E7A4F7556}") = "AR.Device", "AR.Device\AR.Device.csproj", "{28C30FCC-A028-48A8-8849-130AB0C81F96}"
EndProject
Global
	GlobalSection(SolutionConfigurationPlatforms) = preSolution
		Debug|Any CPU = Debug|Any CPU
		Release|Any CPU = Release|Any CPU
	EndGlobalSection
	GlobalSection(ProjectConfigurationPlatforms) = postSolution
		{A139ED5B-1CEB-4F34-ABB5-5832C9E5A911}.Debug|Any CPU.ActiveCfg = Debug|Any CPU
		{A139ED5B-1CEB-4F34-ABB5-5832C9E5A911}.Debug|Any CPU.Build.0 = Debug|Any CPU
		{A139ED5B-1CEB-4F34-ABB5-5832C9E5A911}.Release|Any CPU.ActiveCfg = Release|Any CPU
		{A139ED5B-1CEB-4F34-ABB5-5832C9E5A911}.Release|Any CPU.Build.0 = Release|Any CPU
		{B34C7100-B995-4884-B81F-AF8ABADA5700}.Debug|Any CPU.ActiveCfg = Debug|Any CPU
		{B34C7100-B995-4884-B81F-AF8ABADA5700}.Debug|Any CPU.Build.0 = Debug|Any CPU
		{B34C7100-B995-4884-B81F-AF8ABADA5700}.Release|Any CPU.ActiveCfg = Release|Any CPU
		{B34C7100-B995-4884-B81F-AF8ABADA5700}.Release|Any CPU.Build.0 = Release|Any CPU
		{3DAE880F-87CF-466E-8538-2FA29C062F69}.Debug|Any CPU.ActiveCfg = Debug|Any CPU
		{3DAE880F-87CF-466E-8538-2FA29C062F69}.Debug|Any CPU.Build.0 = Debug|Any CPU
		{3DAE880F-87CF-466E-8538-2FA29C062F69}.Release|Any CPU.ActiveCfg = Release|Any CPU
		{3DAE880F-87CF-466E-8538-2FA29C062F69}.Release|Any CPU.Build.0 = Release|Any CPU
		{150FFA54-4A3F-4FA6-9BE2-A7984FD05F8E}.Debug|Any CPU.ActiveCfg = Debug|Any CPU
		{150FFA54-4A3F-4FA6-9BE2-A7984FD05F8E}.Debug|Any CPU.Build.0 = Debug|Any CPU
		{150FFA54-4A3F-4FA6-9BE2-A7984FD05F8E}.Release|Any CPU.ActiveCfg = Release|Any CPU
		{150FFA54-4A3F-4FA6-9BE2-A7984FD05F8E}.Release|Any CPU.Build.0 = Release|Any CPU
		{3C26AE3C-C516-44C3-B4AD-20F462853654}.Debug|Any CPU.ActiveCfg = Debug|Any CPU
		{3C26AE3C-C516-44C3-B4AD-20F462853654}.Debug|Any CPU.Build.0 = Debug|Any CPU
		{3C26AE3C-C516-44C3-B4AD-20F462853654}.Release|Any CPU.ActiveCfg = Release|Any CPU
		{3C26AE3C-C516-44C3-B4AD-20F462853654}.Release|Any CPU.Build.0 = Release|Any CPU
		{5DB491D2-1B57-4830-BC33-787E51AD7014}.Debug|Any CPU.ActiveCfg = Debug|Any CPU
		{5DB491D2-1B57-4830-BC33-787E51AD7014}.Debug|Any CPU.Build.0 = Debug|Any CPU
		{5DB491D2-1B57-4830-BC33-787E51AD7014}.Release|Any CPU.ActiveCfg = Release|Any CPU
		{5DB491D2-1B57-4830-BC33-787E51AD7014}.Release|Any CPU.Build.0 = Release|Any CPU
		{28C30FCC-A028-48A8-8849-130AB0C81F96}.Debug|Any CPU.ActiveCfg = Debug|Any CPU
		{28C30FCC-A028-48A8-8849-130AB0C81F96}.Debug|Any CPU.Build.0 = Debug|Any CPU
		{28C30FCC-A028-48A8-8849-130AB0C81F96}.Release|Any CPU.ActiveCfg = Release|Any CPU
		{28C30FCC-A028-48A8-8849-130AB0C81F96}.Release|Any CPU.Build.0 = Release|Any CPU
	EndGlobalSection
	GlobalSection(SolutionProperties) = preSolution
		HideSolutionNode = FALSE
	EndGlobalSection
	GlobalSection(ExtensibilityGlobals) = postSolution
		SolutionGuid = {6B57A586-D6DB-400B-9012-FA6C4623C784}
	EndGlobalSection
EndGlobal
